
Microsoft Visual Studio Solution File, Format Version 12.00
# Visual Studio Version 16
VisualStudioVersion = 16.0.32510.428
MinimumVisualStudioVersion = 10.0.40219.1
Project("{F184B08F-C81C-45F6-A57F-5ABD9991F28F}") = "login", "login\login.vbproj", "{56E55513-3250-47F9-9693-159A188A9076}"
EndProject
Global
	GlobalSection(SolutionConfigurationPlatforms) = preSolution
		Debug|Any CPU = Debug|Any CPU
		Release|Any CPU = Release|Any CPU
	EndGlobalSection
	GlobalSection(ProjectConfigurationPlatforms) = postSolution
		{56E55513-3250-47F9-9693-159A188A9076}.Debug|Any CPU.ActiveCfg = Debug|Any CPU
		{56E55513-3250-47F9-9693-159A188A9076}.Debug|Any CPU.Build.0 = Debug|Any CPU
		{56E55513-3250-47F9-9693-159A188A9076}.Release|Any CPU.ActiveCfg = Release|Any CPU
		{56E55513-3250-47F9-9693-159A188A9076}.Release|Any CPU.Build.0 = Release|Any CPU
	EndGlobalSection
	GlobalSection(SolutionProperties) = preSolution
		HideSolutionNode = FALSE
	EndGlobalSection
	GlobalSection(ExtensibilityGlobals) = postSolution
		SolutionGuid = {E047426B-32B4-4645-9C1E-93328E995431}
	EndGlobalSection
EndGlobal
