
Microsoft Visual Studio Solution File, Format Version 12.00
# Visual Studio Version 16
VisualStudioVersion = 16.0.32510.428
MinimumVisualStudioVersion = 10.0.40219.1
Project("{F184B08F-C81C-45F6-A57F-5ABD9991F28F}") = "week4", "week4\week4.vbproj", "{D9923B4F-3CD7-4D52-B750-C76BDA1DC5D5}"
EndProject
Global
	GlobalSection(SolutionConfigurationPlatforms) = preSolution
		Debug|Any CPU = Debug|Any CPU
		Release|Any CPU = Release|Any CPU
	EndGlobalSection
	GlobalSection(ProjectConfigurationPlatforms) = postSolution
		{D9923B4F-3CD7-4D52-B750-C76BDA1DC5D5}.Debug|Any CPU.ActiveCfg = Debug|Any CPU
		{D9923B4F-3CD7-4D52-B750-C76BDA1DC5D5}.Debug|Any CPU.Build.0 = Debug|Any CPU
		{D9923B4F-3CD7-4D52-B750-C76BDA1DC5D5}.Release|Any CPU.ActiveCfg = Release|Any CPU
		{D9923B4F-3CD7-4D52-B750-C76BDA1DC5D5}.Release|Any CPU.Build.0 = Release|Any CPU
	EndGlobalSection
	GlobalSection(SolutionProperties) = preSolution
		HideSolutionNode = FALSE
	EndGlobalSection
	GlobalSection(ExtensibilityGlobals) = postSolution
		SolutionGuid = {C6348FA9-9454-4392-8A48-720A646C2506}
	EndGlobalSection
EndGlobal
